{
    "_readme": [
        "This file locks the dependencies of your project to a known state",
        "Read more about it at https://getcomposer.org/doc/01-basic-usage.md#installing-dependencies",
        "This file is @generated automatically"
    ],
    "content-hash": "05dec70a2e8bdc23da2fec7cf2ec7693",
    "packages": [
        {
            "name": "daniel-km/deepzoom",
            "version": "1.0.0",
            "source": {
                "type": "git",
                "url": "https://gitlab.com/Daniel-KM/LibraryDeepzoom.git",
                "reference": "1d370c9556a0c10d10cbacd7951f6c51ae368135"
            },
            "dist": {
                "type": "zip",
                "url": "https://gitlab.com/api/v4/projects/Daniel-KM%2FLibraryDeepzoom/repository/archive.zip?sha=1d370c9556a0c10d10cbacd7951f6c51ae368135",
                "reference": "1d370c9556a0c10d10cbacd7951f6c51ae368135",
                "shasum": ""
            },
            "require": {
                "lsolesen/pel": "^0.9.6",
                "php": ">=5.4.0"
            },
            "require-dev": {
                "friendsofphp/php-cs-fixer": "^2.15",
                "jcupitt/vips": "^1.0",
                "phpunit/phpunit": "^10.5"
            },
            "suggest": {
                "ext-vips": "PHP extension for vips (for PhpVips processor).",
                "jcupitt/vips": "PHP library for vips (for PhpVips processor)."
            },
            "type": "library",
            "autoload": {
                "psr-4": {
                    "DanielKm\\Deepzoom\\": "src/"
                }
            },
            "notification-url": "https://packagist.org/downloads/",
            "license": [
                "MIT"
            ],
            "authors": [
                {
                    "name": "Daniel Berthereau",
                    "email": "daniel.packagist@berthereau.net",
                    "homepage": "https://gitlab.com/Daniel-KM"
                },
                {
                    "name": "Jeremy Tubbs",
                    "email": "jeremytubbs@gmail.com",
                    "homepage": "http://jeremytubbs.com"
                }
            ],
            "description": "Stand-alone deepzoom tile generator (format DZI) for use with OpenSeadragon, OpenLayers and various viewers.",
            "keywords": [
                "ImageMagick",
                "OpenLayers",
                "deepzoom",
                "dzi",
                "gd",
                "image",
                "imagick",
                "openseadragon",
                "stand-alone",
                "tiled",
                "vips",
                "zoom",
                "zoomable"
            ],
            "support": {
                "email": "daniel.support@berthereau.net",
                "issues": "https://gitlab.com/Daniel-KM/LibraryDeepzoom/-/issues",
                "source": "https://gitlab.com/Daniel-KM/LibraryDeepzoom"
            },
            "time": "2026-02-23T00:00:00+00:00"
        },
        {
            "name": "daniel-km/zoomify",
            "version": "1.0.4",
            "source": {
                "type": "git",
                "url": "https://gitlab.com/Daniel-KM/LibraryZoomify.git",
                "reference": "7cd4771725f45824c4cc3e4ba705b4705dc7389c"
            },
            "dist": {
                "type": "zip",
                "url": "https://gitlab.com/api/v4/projects/Daniel-KM%2FLibraryZoomify/repository/archive.zip?sha=7cd4771725f45824c4cc3e4ba705b4705dc7389c",
                "reference": "7cd4771725f45824c4cc3e4ba705b4705dc7389c",
                "shasum": ""
            },
            "require": {
                "lsolesen/pel": "^0.9.6",
                "php": ">=5.4.0"
            },
            "require-dev": {
                "jcupitt/vips": "^1.0",
                "phpunit/phpunit": "^10.5"
            },
            "suggest": {
                "ext-vips": "PHP extension for vips (for PhpVips processor).",
                "jcupitt/vips": "PHP library for vips (for PhpVips processor)."
            },
            "type": "library",
            "autoload": {
                "psr-4": {
                    "DanielKm\\Zoomify\\": "src/"
                }
            },
            "notification-url": "https://packagist.org/downloads/",
            "license": [
                "GPL-3.0"
            ],
            "authors": [
                {
                    "name": "Adam Smith",
                    "email": "asmith@agile-software.com"
                },
                {
                    "name": "Wes Wright",
                    "homepage": "http://greengaloshes.cc"
                },
                {
                    "name": "Justin Henry",
                    "homepage": "http://greengaloshes.cc"
                },
                {
                    "name": "Daniel Berthereau",
                    "email": "daniel.packagist@berthereau.net",
                    "homepage": "https://gitlab.com/Daniel-KM"
                }
            ],
            "description": "Stand-alone zoomify tile generator (format Zoomify) for use with OpenSeadragon, OpenLayers and various viewers.",
            "keywords": [
                "ImageMagick",
                "OpenLayers",
                "gd",
                "image",
                "imagick",
                "openseadragon",
                "stand-alone",
                "tiled",
                "vips",
                "zoom",
                "zoomable",
                "zoomify"
            ],
            "support": {
                "email": "daniel.support@berthereau.net",
                "issues": "https://gitlab.com/Daniel-KM/LibraryZoomify/-/issues",
                "source": "https://gitlab.com/Daniel-KM/LibraryZoomify"
            },
            "time": "2026-02-23T00:00:00+00:00"
        }
    ],
    "packages-dev": [],
    "aliases": [],
    "minimum-stability": "stable",
    "stability-flags": {},
    "prefer-stable": false,
    "prefer-lowest": false,
    "platform": {},
    "platform-dev": {},
    "plugin-api-version": "2.6.0"
}
